
Microsoft Visual Studio Solution File, Format Version 12.00
# Visual Studio Version 17
VisualStudioVersion = 17.11.35431.28
MinimumVisualStudioVersion = 10.0.40219.1
Project("{9A19103F-16F7-4668-BE54-9A1E7A4F7556}") = "EProfspilka.API", "EProfspilka.API\EProfspilka.API.csproj", "{A95250AA-896B-4A8F-A99B-F28ACC2F4494}"
EndProject
Project("{9A19103F-16F7-4668-BE54-9A1E7A4F7556}") = "EProfspilka.Db", "EProfspilka.Db\EProfspilka.Db.csproj", "{4F1AE7DB-0AA6-4C2F-9684-89062DF9F3A8}"
EndProject
Project("{9A19103F-16F7-4668-BE54-9A1E7A4F7556}") = "EProfspilka.Core", "EProfspilka.Core\EProfspilka.Core.csproj", "{9ABC6BD0-53C8-4009-B599-F0E3909A72F1}"
EndProject
Project("{9A19103F-16F7-4668-BE54-9A1E7A4F7556}") = "EProfspilka.Application", "EProfspilka.Application\EProfspilka.Application.csproj", "{099AC314-0130-4CDC-89F2-0F2A01F30FAE}"
EndProject
Global
	GlobalSection(SolutionConfigurationPlatforms) = preSolution
		Debug|Any CPU = Debug|Any CPU
		Release|Any CPU = Release|Any CPU
	EndGlobalSection
	GlobalSection(ProjectConfigurationPlatforms) = postSolution
		{A95250AA-896B-4A8F-A99B-F28ACC2F4494}.Debug|Any CPU.ActiveCfg = Debug|Any CPU
		{A95250AA-896B-4A8F-A99B-F28ACC2F4494}.Debug|Any CPU.Build.0 = Debug|Any CPU
		{A95250AA-896B-4A8F-A99B-F28ACC2F4494}.Release|Any CPU.ActiveCfg = Release|Any CPU
		{A95250AA-896B-4A8F-A99B-F28ACC2F4494}.Release|Any CPU.Build.0 = Release|Any CPU
		{4F1AE7DB-0AA6-4C2F-9684-89062DF9F3A8}.Debug|Any CPU.ActiveCfg = Debug|Any CPU
		{4F1AE7DB-0AA6-4C2F-9684-89062DF9F3A8}.Debug|Any CPU.Build.0 = Debug|Any CPU
		{4F1AE7DB-0AA6-4C2F-9684-89062DF9F3A8}.Release|Any CPU.ActiveCfg = Release|Any CPU
		{4F1AE7DB-0AA6-4C2F-9684-89062DF9F3A8}.Release|Any CPU.Build.0 = Release|Any CPU
		{9ABC6BD0-53C8-4009-B599-F0E3909A72F1}.Debug|Any CPU.ActiveCfg = Debug|Any CPU
		{9ABC6BD0-53C8-4009-B599-F0E3909A72F1}.Debug|Any CPU.Build.0 = Debug|Any CPU
		{9ABC6BD0-53C8-4009-B599-F0E3909A72F1}.Release|Any CPU.ActiveCfg = Release|Any CPU
		{9ABC6BD0-53C8-4009-B599-F0E3909A72F1}.Release|Any CPU.Build.0 = Release|Any CPU
		{099AC314-0130-4CDC-89F2-0F2A01F30FAE}.Debug|Any CPU.ActiveCfg = Debug|Any CPU
		{099AC314-0130-4CDC-89F2-0F2A01F30FAE}.Debug|Any CPU.Build.0 = Debug|Any CPU
		{099AC314-0130-4CDC-89F2-0F2A01F30FAE}.Release|Any CPU.ActiveCfg = Release|Any CPU
		{099AC314-0130-4CDC-89F2-0F2A01F30FAE}.Release|Any CPU.Build.0 = Release|Any CPU
	EndGlobalSection
	GlobalSection(SolutionProperties) = preSolution
		HideSolutionNode = FALSE
	EndGlobalSection
	GlobalSection(ExtensibilityGlobals) = postSolution
		SolutionGuid = {4866DED0-E14E-4245-BA13-866FD85AD352}
	EndGlobalSection
EndGlobal
